{
    "_readme": [
        "This file locks the dependencies of your project to a known state",
        "Read more about it at http://getcomposer.org/doc/01-basic-usage.md#composer-lock-the-lock-file",
        "This file is @generated automatically"
    ],
    "hash": "18310311bf3c5d447e1c4e0311bee361",
    "packages": [
        {
            "name": "rollbar/rollbar",
            "version": "v0.9.12",
            "source": {
                "type": "git",
                "url": "https://github.com/rollbar/rollbar-php.git",
                "reference": "9b4c80cec8d9485fe0d7758cc98e820673ddea82"
            },
            "dist": {
                "type": "zip",
                "url": "https://api.github.com/repos/rollbar/rollbar-php/zipball/9b4c80cec8d9485fe0d7758cc98e820673ddea82",
                "reference": "9b4c80cec8d9485fe0d7758cc98e820673ddea82",
                "shasum": ""
            },
            "type": "library",
            "autoload": {
                "classmap": [
                    "rollbar.php"
                ]
            },
            "notification-url": "https://packagist.org/downloads/",
            "license": [
                "MIT"
            ],
            "authors": [
                {
                    "name": "Rollbar, Inc.",
                    "email": "support@rollbar.com",
                    "role": "Developer"
                }
            ],
            "description": "Monitors errors and exceptions and reports them to Rollbar",
            "homepage": "http://github.com/rollbar/rollbar-php",
            "keywords": [
                "debugging",
                "errors",
                "exceptions",
                "logging",
                "monitoring"
            ],
            "time": "2015-03-06 16:24:58"
        }
    ],
    "packages-dev": [],
    "aliases": [],
    "minimum-stability": "stable",
    "stability-flags": [],
    "prefer-stable": false,
    "prefer-lowest": false,
    "platform": [],
    "platform-dev": []
}
